
Microsoft Visual Studio Solution File, Format Version 12.00
# Visual Studio Version 16
VisualStudioVersion = 16.0.31313.79
MinimumVisualStudioVersion = 10.0.40219.1
Project("{FAE04EC0-301F-11D3-BF4B-00C04F79EFBC}") = "LabTask2", "LabTask2\LabTask2.csproj", "{B2DA3B76-44B4-497A-B8C4-A6D1E24C6B0A}"
EndProject
Project("{FAE04EC0-301F-11D3-BF4B-00C04F79EFBC}") = "TestProject1", "TestProject1\TestProject1.csproj", "{2CC3052B-BD4D-4CC9-9ED4-CC9D75347C49}"
EndProject
Global
	GlobalSection(SolutionConfigurationPlatforms) = preSolution
		Debug|Any CPU = Debug|Any CPU
		Release|Any CPU = Release|Any CPU
	EndGlobalSection
	GlobalSection(ProjectConfigurationPlatforms) = postSolution
		{B2DA3B76-44B4-497A-B8C4-A6D1E24C6B0A}.Debug|Any CPU.ActiveCfg = Debug|Any CPU
		{B2DA3B76-44B4-497A-B8C4-A6D1E24C6B0A}.Debug|Any CPU.Build.0 = Debug|Any CPU
		{B2DA3B76-44B4-497A-B8C4-A6D1E24C6B0A}.Release|Any CPU.ActiveCfg = Release|Any CPU
		{B2DA3B76-44B4-497A-B8C4-A6D1E24C6B0A}.Release|Any CPU.Build.0 = Release|Any CPU
		{2CC3052B-BD4D-4CC9-9ED4-CC9D75347C49}.Debug|Any CPU.ActiveCfg = Debug|Any CPU
		{2CC3052B-BD4D-4CC9-9ED4-CC9D75347C49}.Debug|Any CPU.Build.0 = Debug|Any CPU
		{2CC3052B-BD4D-4CC9-9ED4-CC9D75347C49}.Release|Any CPU.ActiveCfg = Release|Any CPU
		{2CC3052B-BD4D-4CC9-9ED4-CC9D75347C49}.Release|Any CPU.Build.0 = Release|Any CPU
	EndGlobalSection
	GlobalSection(SolutionProperties) = preSolution
		HideSolutionNode = FALSE
	EndGlobalSection
	GlobalSection(ExtensibilityGlobals) = postSolution
		SolutionGuid = {F5E924D7-F022-41FF-A0CC-EAF9E6C8AAF7}
	EndGlobalSection
EndGlobal
